
Microsoft Visual Studio Solution File, Format Version 12.00
# Visual Studio 15
VisualStudioVersion = 15.0.27703.2042
MinimumVisualStudioVersion = 10.0.40219.1
Project("{9A19103F-16F7-4668-BE54-9A1E7A4F7556}") = "RetailSuccess.Tax.Adapter.Sovos", "RetailSuccess.Tax.Adapter.Sovos\RetailSuccess.Tax.Adapter.Sovos.csproj", "{0B77B456-DEAE-4FEF-BA37-678E0BD1FDD3}"
EndProject
Project("{9A19103F-16F7-4668-BE54-9A1E7A4F7556}") = "RetailSuccess.Tax.Adapter.Sovos.Tests", "RetailSuccess.Tax.Adapter.Sovos.Tests\RetailSuccess.Tax.Adapter.Sovos.Tests.csproj", "{63A202D6-8A4F-4A53-BDCB-D6C5141361BA}"
EndProject
Project("{FAE04EC0-301F-11D3-BF4B-00C04F79EFBC}") = "SovosTestConsole", "SovosTestConsole\SovosTestConsole.csproj", "{C909A0A0-F768-4F85-8410-BB67B16BDD17}"
EndProject
Global
	GlobalSection(SolutionConfigurationPlatforms) = preSolution
		Debug|Any CPU = Debug|Any CPU
		Release|Any CPU = Release|Any CPU
	EndGlobalSection
	GlobalSection(ProjectConfigurationPlatforms) = postSolution
		{0B77B456-DEAE-4FEF-BA37-678E0BD1FDD3}.Debug|Any CPU.ActiveCfg = Debug|Any CPU
		{0B77B456-DEAE-4FEF-BA37-678E0BD1FDD3}.Debug|Any CPU.Build.0 = Debug|Any CPU
		{0B77B456-DEAE-4FEF-BA37-678E0BD1FDD3}.Release|Any CPU.ActiveCfg = Release|Any CPU
		{0B77B456-DEAE-4FEF-BA37-678E0BD1FDD3}.Release|Any CPU.Build.0 = Release|Any CPU
		{63A202D6-8A4F-4A53-BDCB-D6C5141361BA}.Debug|Any CPU.ActiveCfg = Debug|Any CPU
		{63A202D6-8A4F-4A53-BDCB-D6C5141361BA}.Debug|Any CPU.Build.0 = Debug|Any CPU
		{63A202D6-8A4F-4A53-BDCB-D6C5141361BA}.Release|Any CPU.ActiveCfg = Release|Any CPU
		{63A202D6-8A4F-4A53-BDCB-D6C5141361BA}.Release|Any CPU.Build.0 = Release|Any CPU
		{C909A0A0-F768-4F85-8410-BB67B16BDD17}.Debug|Any CPU.ActiveCfg = Debug|Any CPU
		{C909A0A0-F768-4F85-8410-BB67B16BDD17}.Debug|Any CPU.Build.0 = Debug|Any CPU
		{C909A0A0-F768-4F85-8410-BB67B16BDD17}.Release|Any CPU.ActiveCfg = Release|Any CPU
		{C909A0A0-F768-4F85-8410-BB67B16BDD17}.Release|Any CPU.Build.0 = Release|Any CPU
	EndGlobalSection
	GlobalSection(SolutionProperties) = preSolution
		HideSolutionNode = FALSE
	EndGlobalSection
	GlobalSection(ExtensibilityGlobals) = postSolution
		SolutionGuid = {D2C64FC9-FB88-4090-90FF-433BEE989080}
	EndGlobalSection
EndGlobal
